
Microsoft Visual Studio Solution File, Format Version 12.00
# Visual Studio Version 16
VisualStudioVersion = 16.0.31129.286
MinimumVisualStudioVersion = 10.0.40219.1
Project("{9A19103F-16F7-4668-BE54-9A1E7A4F7556}") = "FunctionAppbhu", "FunctionAppbhu\FunctionAppbhu.csproj", "{A21E7E0A-944F-4C08-910B-D892FDA2AA9A}"
EndProject
Global
	GlobalSection(SolutionConfigurationPlatforms) = preSolution
		Debug|Any CPU = Debug|Any CPU
		Release|Any CPU = Release|Any CPU
	EndGlobalSection
	GlobalSection(ProjectConfigurationPlatforms) = postSolution
		{A21E7E0A-944F-4C08-910B-D892FDA2AA9A}.Debug|Any CPU.ActiveCfg = Debug|Any CPU
		{A21E7E0A-944F-4C08-910B-D892FDA2AA9A}.Debug|Any CPU.Build.0 = Debug|Any CPU
		{A21E7E0A-944F-4C08-910B-D892FDA2AA9A}.Release|Any CPU.ActiveCfg = Release|Any CPU
		{A21E7E0A-944F-4C08-910B-D892FDA2AA9A}.Release|Any CPU.Build.0 = Release|Any CPU
	EndGlobalSection
	GlobalSection(SolutionProperties) = preSolution
		HideSolutionNode = FALSE
	EndGlobalSection
	GlobalSection(ExtensibilityGlobals) = postSolution
		SolutionGuid = {12990170-0E6F-4868-AB38-FADA7DD4943E}
	EndGlobalSection
EndGlobal
